// !$*UTF8*$!
{
	archiveVersion = 1;
	classes = {
	};
	objectVersion = 55;
	objects = {

/* Begin PBXBuildFile section */
		143E0BD32768CA6D00EB390B /* slamstoxAnimation.mp4 in Resources */ = {isa = PBXBuildFile; fileRef = 143E0BD22768CA6D00EB390B /* slamstoxAnimation.mp4 */; };
		14B73585276892D5007A7E73 /* AppDelegate.swift in Sources */ = {isa = PBXBuildFile; fileRef = 14B73584276892D5007A7E73 /* AppDelegate.swift */; };
		14B73587276892D5007A7E73 /* ContentView.swift in Sources */ = {isa = PBXBuildFile; fileRef = 14B73586276892D5007A7E73 /* ContentView.swift */; };
		14B73589276892D5007A7E73 /* Experience.rcproject in Sources */ = {isa = PBXBuildFile; fileRef = 14B73588276892D5007A7E73 /* Experience.rcproject */; };
		14B7358B276892D7007A7E73 /* Assets.xcassets in Resources */ = {isa = PBXBuildFile; fileRef = 14B7358A276892D7007A7E73 /* Assets.xcassets */; };
		14B7358E276892D7007A7E73 /* Preview Assets.xcassets in Resources */ = {isa = PBXBuildFile; fileRef = 14B7358D276892D7007A7E73 /* Preview Assets.xcassets */; };
		14B73598276892D7007A7E73 /* IosWorkshopArTests.swift in Sources */ = {isa = PBXBuildFile; fileRef = 14B73597276892D7007A7E73 /* IosWorkshopArTests.swift */; };
		14B735A2276892D7007A7E73 /* IosWorkshopArUITests.swift in Sources */ = {isa = PBXBuildFile; fileRef = 14B735A1276892D7007A7E73 /* IosWorkshopArUITests.swift */; };
		14B735A4276892D7007A7E73 /* IosWorkshopArUITestsLaunchTests.swift in Sources */ = {isa = PBXBuildFile; fileRef = 14B735A3276892D7007A7E73 /* IosWorkshopArUITestsLaunchTests.swift */; };
/* End PBXBuildFile section */

/* Begin PBXContainerItemProxy section */
		14B73594276892D7007A7E73 /* PBXContainerItemProxy */ = {
			isa = PBXContainerItemProxy;
			containerPortal = 14B73579276892D5007A7E73 /* Project object */;
			proxyType = 1;
			remoteGlobalIDString = 14B73580276892D5007A7E73;
			remoteInfo = IosWorkshopAr;
		};
		14B7359E276892D7007A7E73 /* PBXContainerItemProxy */ = {
			isa = PBXContainerItemProxy;
			containerPortal = 14B73579276892D5007A7E73 /* Project object */;
			proxyType = 1;
			remoteGlobalIDString = 14B73580276892D5007A7E73;
			remoteInfo = IosWorkshopAr;
		};
/* End PBXContainerItemProxy section */

/* Begin PBXFileReference section */
		143E0BD22768CA6D00EB390B /* slamstoxAnimation.mp4 */ = {isa = PBXFileReference; lastKnownFileType = file; name = slamstoxAnimation.mp4; path = "../../../FreakyFriday/fstvl-invite/assets/videos/slamstoxAnimation.mp4"; sourceTree = "<group>"; };
		14B73581276892D5007A7E73 /* IosWorkshopAr.app */ = {isa = PBXFileReference; explicitFileType = wrapper.application; includeInIndex = 0; path = IosWorkshopAr.app; sourceTree = BUILT_PRODUCTS_DIR; };
		14B73584276892D5007A7E73 /* AppDelegate.swift */ = {isa = PBXFileReference; lastKnownFileType = sourcecode.swift; path = AppDelegate.swift; sourceTree = "<group>"; };
		14B73586276892D5007A7E73 /* ContentView.swift */ = {isa = PBXFileReference; lastKnownFileType = sourcecode.swift; path = ContentView.swift; sourceTree = "<group>"; };
		14B73588276892D5007A7E73 /* Experience.rcproject */ = {isa = PBXFileReference; lastKnownFileType = file.rcproject; path = Experience.rcproject; sourceTree = "<group>"; };
		14B7358A276892D7007A7E73 /* Assets.xcassets */ = {isa = PBXFileReference; lastKnownFileType = folder.assetcatalog; path = Assets.xcassets; sourceTree = "<group>"; };
		14B7358D276892D7007A7E73 /* Preview Assets.xcassets */ = {isa = PBXFileReference; lastKnownFileType = folder.assetcatalog; path = "Preview Assets.xcassets"; sourceTree = "<group>"; };
		14B73593276892D7007A7E73 /* IosWorkshopArTests.xctest */ = {isa = PBXFileReference; explicitFileType = wrapper.cfbundle; includeInIndex = 0; path = IosWorkshopArTests.xctest; sourceTree = BUILT_PRODUCTS_DIR; };
		14B73597276892D7007A7E73 /* IosWorkshopArTests.swift */ = {isa = PBXFileReference; lastKnownFileType = sourcecode.swift; path = IosWorkshopArTests.swift; sourceTree = "<group>"; };
		14B7359D276892D7007A7E73 /* IosWorkshopArUITests.xctest */ = {isa = PBXFileReference; explicitFileType = wrapper.cfbundle; includeInIndex = 0; path = IosWorkshopArUITests.xctest; sourceTree = BUILT_PRODUCTS_DIR; };
		14B735A1276892D7007A7E73 /* IosWorkshopArUITests.swift */ = {isa = PBXFileReference; lastKnownFileType = sourcecode.swift; path = IosWorkshopArUITests.swift; sourceTree = "<group>"; };
		14B735A3276892D7007A7E73 /* IosWorkshopArUITestsLaunchTests.swift */ = {isa = PBXFileReference; lastKnownFileType = sourcecode.swift; path = IosWorkshopArUITestsLaunchTests.swift; sourceTree = "<group>"; };
/* End PBXFileReference section */

/* Begin PBXFrameworksBuildPhase section */
		14B7357E276892D5007A7E73 /* Frameworks */ = {
			isa = PBXFrameworksBuildPhase;
			buildActionMask = 2147483647;
			files = (
			);
			runOnlyForDeploymentPostprocessing = 0;
		};
		14B73590276892D7007A7E73 /* Frameworks */ = {
			isa = PBXFrameworksBuildPhase;
			buildActionMask = 2147483647;
			files = (
			);
			runOnlyForDeploymentPostprocessing = 0;
		};
		14B7359A276892D7007A7E73 /* Frameworks */ = {
			isa = PBXFrameworksBuildPhase;
			buildActionMask = 2147483647;
			files = (
			);
			runOnlyForDeploymentPostprocessing = 0;
		};
/* End PBXFrameworksBuildPhase section */

/* Begin PBXGroup section */
		14B73578276892D5007A7E73 = {
			isa = PBXGroup;
			children = (
				14B73583276892D5007A7E73 /* IosWorkshopAr */,
				14B73596276892D7007A7E73 /* IosWorkshopArTests */,
				14B735A0276892D7007A7E73 /* IosWorkshopArUITests */,
				14B73582276892D5007A7E73 /* Products */,
			);
			sourceTree = "<group>";
		};
		14B73582276892D5007A7E73 /* Products */ = {
			isa = PBXGroup;
			children = (
				14B73581276892D5007A7E73 /* IosWorkshopAr.app */,
				14B73593276892D7007A7E73 /* IosWorkshopArTests.xctest */,
				14B7359D276892D7007A7E73 /* IosWorkshopArUITests.xctest */,
			);
			name = Products;
			sourceTree = "<group>";
		};
		14B73583276892D5007A7E73 /* IosWorkshopAr */ = {
			isa = PBXGroup;
			children = (
				143E0BD22768CA6D00EB390B /* slamstoxAnimation.mp4 */,
				14B73584276892D5007A7E73 /* AppDelegate.swift */,
				14B73586276892D5007A7E73 /* ContentView.swift */,
				14B73588276892D5007A7E73 /* Experience.rcproject */,
				14B7358A276892D7007A7E73 /* Assets.xcassets */,
				14B7358C276892D7007A7E73 /* Preview Content */,
			);
			path = IosWorkshopAr;
			sourceTree = "<group>";
		};
		14B7358C276892D7007A7E73 /* Preview Content */ = {
			isa = PBXGroup;
			children = (
				14B7358D276892D7007A7E73 /* Preview Assets.xcassets */,
			);
			path = "Preview Content";
			sourceTree = "<group>";
		};
		14B73596276892D7007A7E73 /* IosWorkshopArTests */ = {
			isa = PBXGroup;
			children = (
				14B73597276892D7007A7E73 /* IosWorkshopArTests.swift */,
			);
			path = IosWorkshopArTests;
			sourceTree = "<group>";
		};
		14B735A0276892D7007A7E73 /* IosWorkshopArUITests */ = {
			isa = PBXGroup;
			children = (
				14B735A1276892D7007A7E73 /* IosWorkshopArUITests.swift */,
				14B735A3276892D7007A7E73 /* IosWorkshopArUITestsLaunchTests.swift */,
			);
			path = IosWorkshopArUITests;
			sourceTree = "<group>";
		};
/* End PBXGroup section */

/* Begin PBXNativeTarget section */
		14B73580276892D5007A7E73 /* IosWorkshopAr */ = {
			isa = PBXNativeTarget;
			buildConfigurationList = 14B735A7276892D7007A7E73 /* Build configuration list for PBXNativeTarget "IosWorkshopAr" */;
			buildPhases = (
				14B7357D276892D5007A7E73 /* Sources */,
				14B7357E276892D5007A7E73 /* Frameworks */,
				14B7357F276892D5007A7E73 /* Resources */,
			);
			buildRules = (
			);
			dependencies = (
			);
			name = IosWorkshopAr;
			productName = IosWorkshopAr;
			productReference = 14B73581276892D5007A7E73 /* IosWorkshopAr.app */;
			productType = "com.apple.product-type.application";
		};
		14B73592276892D7007A7E73 /* IosWorkshopArTests */ = {
			isa = PBXNativeTarget;
			buildConfigurationList = 14B735AA276892D7007A7E73 /* Build configuration list for PBXNativeTarget "IosWorkshopArTests" */;
			buildPhases = (
				14B7358F276892D7007A7E73 /* Sources */,
				14B73590276892D7007A7E73 /* Frameworks */,
				14B73591276892D7007A7E73 /* Resources */,
			);
			buildRules = (
			);
			dependencies = (
				14B73595276892D7007A7E73 /* PBXTargetDependency */,
			);
			name = IosWorkshopArTests;
			productName = IosWorkshopArTests;
			productReference = 14B73593276892D7007A7E73 /* IosWorkshopArTests.xctest */;
			productType = "com.apple.product-type.bundle.unit-test";
		};
		14B7359C276892D7007A7E73 /* IosWorkshopArUITests */ = {
			isa = PBXNativeTarget;
			buildConfigurationList = 14B735AD276892D7007A7E73 /* Build configuration list for PBXNativeTarget "IosWorkshopArUITests" */;
			buildPhases = (
				14B73599276892D7007A7E73 /* Sources */,
				14B7359A276892D7007A7E73 /* Frameworks */,
				14B7359B276892D7007A7E73 /* Resources */,
			);
			buildRules = (
			);
			dependencies = (
				14B7359F276892D7007A7E73 /* PBXTargetDependency */,
			);
			name = IosWorkshopArUITests;
			productName = IosWorkshopArUITests;
			productReference = 14B7359D276892D7007A7E73 /* IosWorkshopArUITests.xctest */;
			productType = "com.apple.product-type.bundle.ui-testing";
		};
/* End PBXNativeTarget section */

/* Begin PBXProject section */
		14B73579276892D5007A7E73 /* Project object */ = {
			isa = PBXProject;
			attributes = {
				BuildIndependentTargetsInParallel = 1;
				LastSwiftUpdateCheck = 1320;
				LastUpgradeCheck = 1320;
				TargetAttributes = {
					14B73580276892D5007A7E73 = {
						CreatedOnToolsVersion = 13.2;
					};
					14B73592276892D7007A7E73 = {
						CreatedOnToolsVersion = 13.2;
						TestTargetID = 14B73580276892D5007A7E73;
					};
					14B7359C276892D7007A7E73 = {
						CreatedOnToolsVersion = 13.2;
						TestTargetID = 14B73580276892D5007A7E73;
					};
				};
			};
			buildConfigurationList = 14B7357C276892D5007A7E73 /* Build configuration list for PBXProject "IosWorkshopAr" */;
			compatibilityVersion = "Xcode 13.0";
			developmentRegion = en;
			hasScannedForEncodings = 0;
			knownRegions = (
				en,
				Base,
			);
			mainGroup = 14B73578276892D5007A7E73;
			productRefGroup = 14B73582276892D5007A7E73 /* Products */;
			projectDirPath = "";
			projectRoot = "";
			targets = (
				14B73580276892D5007A7E73 /* IosWorkshopAr */,
				14B73592276892D7007A7E73 /* IosWorkshopArTests */,
				14B7359C276892D7007A7E73 /* IosWorkshopArUITests */,
			);
		};
/* End PBXProject section */

/* Begin PBXResourcesBuildPhase section */
		14B7357F276892D5007A7E73 /* Resources */ = {
			isa = PBXResourcesBuildPhase;
			buildActionMask = 2147483647;
			files = (
				14B7358E276892D7007A7E73 /* Preview Assets.xcassets in Resources */,
				143E0BD32768CA6D00EB390B /* slamstoxAnimation.mp4 in Resources */,
				14B7358B276892D7007A7E73 /* Assets.xcassets in Resources */,
			);
			runOnlyForDeploymentPostprocessing = 0;
		};
		14B73591276892D7007A7E73 /* Resources */ = {
			isa = PBXResourcesBuildPhase;
			buildActionMask = 2147483647;
			files = (
			);
			runOnlyForDeploymentPostprocessing = 0;
		};
		14B7359B276892D7007A7E73 /* Resources */ = {
			isa = PBXResourcesBuildPhase;
			buildActionMask = 2147483647;
			files = (
			);
			runOnlyForDeploymentPostprocessing = 0;
		};
/* End PBXResourcesBuildPhase section */

/* Begin PBXSourcesBuildPhase section */
		14B7357D276892D5007A7E73 /* Sources */ = {
			isa = PBXSourcesBuildPhase;
			buildActionMask = 2147483647;
			files = (
				14B73587276892D5007A7E73 /* ContentView.swift in Sources */,
				14B73585276892D5007A7E73 /* AppDelegate.swift in Sources */,
				14B73589276892D5007A7E73 /* Experience.rcproject in Sources */,
			);
			runOnlyForDeploymentPostprocessing = 0;
		};
		14B7358F276892D7007A7E73 /* Sources */ = {
			isa = PBXSourcesBuildPhase;
			buildActionMask = 2147483647;
			files = (
				14B73598276892D7007A7E73 /* IosWorkshopArTests.swift in Sources */,
			);
			runOnlyForDeploymentPostprocessing = 0;
		};
		14B73599276892D7007A7E73 /* Sources */ = {
			isa = PBXSourcesBuildPhase;
			buildActionMask = 2147483647;
			files = (
				14B735A4276892D7007A7E73 /* IosWorkshopArUITestsLaunchTests.swift in Sources */,
				14B735A2276892D7007A7E73 /* IosWorkshopArUITests.swift in Sources */,
			);
			runOnlyForDeploymentPostprocessing = 0;
		};
/* End PBXSourcesBuildPhase section */

/* Begin PBXTargetDependency section */
		14B73595276892D7007A7E73 /* PBXTargetDependency */ = {
			isa = PBXTargetDependency;
			target = 14B73580276892D5007A7E73 /* IosWorkshopAr */;
			targetProxy = 14B73594276892D7007A7E73 /* PBXContainerItemProxy */;
		};
		14B7359F276892D7007A7E73 /* PBXTargetDependency */ = {
			isa = PBXTargetDependency;
			target = 14B73580276892D5007A7E73 /* IosWorkshopAr */;
			targetProxy = 14B7359E276892D7007A7E73 /* PBXContainerItemProxy */;
		};
/* End PBXTargetDependency section */

/* Begin XCBuildConfiguration section */
		14B735A5276892D7007A7E73 /* Debug */ = {
			isa = XCBuildConfiguration;
			buildSettings = {
				ALWAYS_SEARCH_USER_PATHS = NO;
				CLANG_ANALYZER_NONNULL = YES;
				CLANG_ANALYZER_NUMBER_OBJECT_CONVERSION = YES_AGGRESSIVE;
				CLANG_CXX_LANGUAGE_STANDARD = "gnu++17";
				CLANG_CXX_LIBRARY = "libc++";
				CLANG_ENABLE_MODULES = YES;
				CLANG_ENABLE_OBJC_ARC = YES;
				CLANG_ENABLE_OBJC_WEAK = YES;
				CLANG_WARN_BLOCK_CAPTURE_AUTORELEASING = YES;
				CLANG_WARN_BOOL_CONVERSION = YES;
				CLANG_WARN_COMMA = YES;
				CLANG_WARN_CONSTANT_CONVERSION = YES;
				CLANG_WARN_DEPRECATED_OBJC_IMPLEMENTATIONS = YES;
				CLANG_WARN_DIRECT_OBJC_ISA_USAGE = YES_ERROR;
				CLANG_WARN_DOCUMENTATION_COMMENTS = YES;
				CLANG_WARN_EMPTY_BODY = YES;
				CLANG_WARN_ENUM_CONVERSION = YES;
				CLANG_WARN_INFINITE_RECURSION = YES;
				CLANG_WARN_INT_CONVERSION = YES;
				CLANG_WARN_NON_LITERAL_NULL_CONVERSION = YES;
				CLANG_WARN_OBJC_IMPLICIT_RETAIN_SELF = YES;
				CLANG_WARN_OBJC_LITERAL_CONVERSION = YES;
				CLANG_WARN_OBJC_ROOT_CLASS = YES_ERROR;
				CLANG_WARN_QUOTED_INCLUDE_IN_FRAMEWORK_HEADER = YES;
				CLANG_WARN_RANGE_LOOP_ANALYSIS = YES;
				CLANG_WARN_STRICT_PROTOTYPES = YES;
				CLANG_WARN_SUSPICIOUS_MOVE = YES;
				CLANG_WARN_UNGUARDED_AVAILABILITY = YES_AGGRESSIVE;
				CLANG_WARN_UNREACHABLE_CODE = YES;
				CLANG_WARN__DUPLICATE_METHOD_MATCH = YES;
				COPY_PHASE_STRIP = NO;
				DEBUG_INFORMATION_FORMAT = dwarf;
				ENABLE_STRICT_OBJC_MSGSEND = YES;
				ENABLE_TESTABILITY = YES;
				GCC_C_LANGUAGE_STANDARD = gnu11;
				GCC_DYNAMIC_NO_PIC = NO;
				GCC_NO_COMMON_BLOCKS = YES;
				GCC_OPTIMIZATION_LEVEL = 0;
				GCC_PREPROCESSOR_DEFINITIONS = (
					"DEBUG=1",
					"$(inherited)",
				);
				GCC_WARN_64_TO_32_BIT_CONVERSION = YES;
				GCC_WARN_ABOUT_RETURN_TYPE = YES_ERROR;
				GCC_WARN_UNDECLARED_SELECTOR = YES;
				GCC_WARN_UNINITIALIZED_AUTOS = YES_AGGRESSIVE;
				GCC_WARN_UNUSED_FUNCTION = YES;
				GCC_WARN_UNUSED_VARIABLE = YES;
				IPHONEOS_DEPLOYMENT_TARGET = 15.2;
				MTL_ENABLE_DEBUG_INFO = INCLUDE_SOURCE;
				MTL_FAST_MATH = YES;
				ONLY_ACTIVE_ARCH = YES;
				SDKROOT = iphoneos;
				SWIFT_ACTIVE_COMPILATION_CONDITIONS = DEBUG;
				SWIFT_OPTIMIZATION_LEVEL = "-Onone";
			};
			name = Debug;
		};
		14B735A6276892D7007A7E73 /* Release */ = {
			isa = XCBuildConfiguration;
			buildSettings = {
				ALWAYS_SEARCH_USER_PATHS = NO;
				CLANG_ANALYZER_NONNULL = YES;
				CLANG_ANALYZER_NUMBER_OBJECT_CONVERSION = YES_AGGRESSIVE;
				CLANG_CXX_LANGUAGE_STANDARD = "gnu++17";
				CLANG_CXX_LIBRARY = "libc++";
				CLANG_ENABLE_MODULES = YES;
				CLANG_ENABLE_OBJC_ARC = YES;
				CLANG_ENABLE_OBJC_WEAK = YES;
				CLANG_WARN_BLOCK_CAPTURE_AUTORELEASING = YES;
				CLANG_WARN_BOOL_CONVERSION = YES;
				CLANG_WARN_COMMA = YES;
				CLANG_WARN_CONSTANT_CONVERSION = YES;
				CLANG_WARN_DEPRECATED_OBJC_IMPLEMENTATIONS = YES;
				CLANG_WARN_DIRECT_OBJC_ISA_USAGE = YES_ERROR;
				CLANG_WARN_DOCUMENTATION_COMMENTS = YES;
				CLANG_WARN_EMPTY_BODY = YES;
				CLANG_WARN_ENUM_CONVERSION = YES;
				CLANG_WARN_INFINITE_RECURSION = YES;
				CLANG_WARN_INT_CONVERSION = YES;
				CLANG_WARN_NON_LITERAL_NULL_CONVERSION = YES;
				CLANG_WARN_OBJC_IMPLICIT_RETAIN_SELF = YES;
				CLANG_WARN_OBJC_LITERAL_CONVERSION = YES;
				CLANG_WARN_OBJC_ROOT_CLASS = YES_ERROR;
				CLANG_WARN_QUOTED_INCLUDE_IN_FRAMEWORK_HEADER = YES;
				CLANG_WARN_RANGE_LOOP_ANALYSIS = YES;
				CLANG_WARN_STRICT_PROTOTYPES = YES;
				CLANG_WARN_SUSPICIOUS_MOVE = YES;
				CLANG_WARN_UNGUARDED_AVAILABILITY = YES_AGGRESSIVE;
				CLANG_WARN_UNREACHABLE_CODE = YES;
				CLANG_WARN__DUPLICATE_METHOD_MATCH = YES;
				COPY_PHASE_STRIP = NO;
				DEBUG_INFORMATION_FORMAT = "dwarf-with-dsym";
				ENABLE_NS_ASSERTIONS = NO;
				ENABLE_STRICT_OBJC_MSGSEND = YES;
				GCC_C_LANGUAGE_STANDARD = gnu11;
				GCC_NO_COMMON_BLOCKS = YES;
				GCC_WARN_64_TO_32_BIT_CONVERSION = YES;
				GCC_WARN_ABOUT_RETURN_TYPE = YES_ERROR;
				GCC_WARN_UNDECLARED_SELECTOR = YES;
				GCC_WARN_UNINITIALIZED_AUTOS = YES_AGGRESSIVE;
				GCC_WARN_UNUSED_FUNCTION = YES;
				GCC_WARN_UNUSED_VARIABLE = YES;
				IPHONEOS_DEPLOYMENT_TARGET = 15.2;
				MTL_ENABLE_DEBUG_INFO = NO;
				MTL_FAST_MATH = YES;
				SDKROOT = iphoneos;
				SWIFT_COMPILATION_MODE = wholemodule;
				SWIFT_OPTIMIZATION_LEVEL = "-O";
				VALIDATE_PRODUCT = YES;
			};
			name = Release;
		};
		14B735A8276892D7007A7E73 /* Debug */ = {
			isa = XCBuildConfiguration;
			buildSettings = {
				ASSETCATALOG_COMPILER_APPICON_NAME = AppIcon;
				ASSETCATALOG_COMPILER_GLOBAL_ACCENT_COLOR_NAME = AccentColor;
				CODE_SIGN_STYLE = Automatic;
				CURRENT_PROJECT_VERSION = 1;
				DEVELOPMENT_ASSET_PATHS = "\"IosWorkshopAr/Preview Content\"";
				DEVELOPMENT_TEAM = 42Q89H448D;
				ENABLE_PREVIEWS = YES;
				GENERATE_INFOPLIST_FILE = YES;
				INFOPLIST_KEY_NSCameraUsageDescription = "";
				INFOPLIST_KEY_UIApplicationSupportsIndirectInputEvents = YES;
				INFOPLIST_KEY_UILaunchScreen_Generation = YES;
				INFOPLIST_KEY_UIRequiredDeviceCapabilities = arkit;
				INFOPLIST_KEY_UIStatusBarHidden = YES;
				INFOPLIST_KEY_UISupportedInterfaceOrientations_iPad = "UIInterfaceOrientationPortrait UIInterfaceOrientationPortraitUpsideDown UIInterfaceOrientationLandscapeLeft UIInterfaceOrientationLandscapeRight";
				INFOPLIST_KEY_UISupportedInterfaceOrientations_iPhone = "UIInterfaceOrientationPortrait UIInterfaceOrientationLandscapeLeft UIInterfaceOrientationLandscapeRight";
				IPHONEOS_DEPLOYMENT_TARGET = 14.0;
				LD_RUNPATH_SEARCH_PATHS = (
					"$(inherited)",
					"@executable_path/Frameworks",
				);
				MARKETING_VERSION = 1.0;
				PRODUCT_BUNDLE_IDENTIFIER = coenbreg.IosWorkshopAr;
				PRODUCT_NAME = "$(TARGET_NAME)";
				SWIFT_EMIT_LOC_STRINGS = YES;
				SWIFT_VERSION = 5.0;
				TARGETED_DEVICE_FAMILY = "1,2";
			};
			name = Debug;
		};
		14B735A9276892D7007A7E73 /* Release */ = {
			isa = XCBuildConfiguration;
			buildSettings = {
				ASSETCATALOG_COMPILER_APPICON_NAME = AppIcon;
				ASSETCATALOG_COMPILER_GLOBAL_ACCENT_COLOR_NAME = AccentColor;
				CODE_SIGN_STYLE = Automatic;
				CURRENT_PROJECT_VERSION = 1;
				DEVELOPMENT_ASSET_PATHS = "\"IosWorkshopAr/Preview Content\"";
				DEVELOPMENT_TEAM = 42Q89H448D;
				ENABLE_PREVIEWS = YES;
				GENERATE_INFOPLIST_FILE = YES;
				INFOPLIST_KEY_NSCameraUsageDescription = "";
				INFOPLIST_KEY_UIApplicationSupportsIndirectInputEvents = YES;
				INFOPLIST_KEY_UILaunchScreen_Generation = YES;
				INFOPLIST_KEY_UIRequiredDeviceCapabilities = arkit;
				INFOPLIST_KEY_UIStatusBarHidden = YES;
				INFOPLIST_KEY_UISupportedInterfaceOrientations_iPad = "UIInterfaceOrientationPortrait UIInterfaceOrientationPortraitUpsideDown UIInterfaceOrientationLandscapeLeft UIInterfaceOrientationLandscapeRight";
				INFOPLIST_KEY_UISupportedInterfaceOrientations_iPhone = "UIInterfaceOrientationPortrait UIInterfaceOrientationLandscapeLeft UIInterfaceOrientationLandscapeRight";
				IPHONEOS_DEPLOYMENT_TARGET = 14.0;
				LD_RUNPATH_SEARCH_PATHS = (
					"$(inherited)",
					"@executable_path/Frameworks",
				);
				MARKETING_VERSION = 1.0;
				PRODUCT_BUNDLE_IDENTIFIER = coenbreg.IosWorkshopAr;
				PRODUCT_NAME = "$(TARGET_NAME)";
				SWIFT_EMIT_LOC_STRINGS = YES;
				SWIFT_VERSION = 5.0;
				TARGETED_DEVICE_FAMILY = "1,2";
			};
			name = Release;
		};
		14B735AB276892D7007A7E73 /* Debug */ = {
			isa = XCBuildConfiguration;
			buildSettings = {
				ALWAYS_EMBED_SWIFT_STANDARD_LIBRARIES = YES;
				BUNDLE_LOADER = "$(TEST_HOST)";
				CODE_SIGN_STYLE = Automatic;
				CURRENT_PROJECT_VERSION = 1;
				DEVELOPMENT_TEAM = 42Q89H448D;
				GENERATE_INFOPLIST_FILE = YES;
				IPHONEOS_DEPLOYMENT_TARGET = 15.2;
				MARKETING_VERSION = 1.0;
				PRODUCT_BUNDLE_IDENTIFIER = coenbreg.IosWorkshopArTests;
				PRODUCT_NAME = "$(TARGET_NAME)";
				SWIFT_EMIT_LOC_STRINGS = NO;
				SWIFT_VERSION = 5.0;
				TARGETED_DEVICE_FAMILY = "1,2";
				TEST_HOST = "$(BUILT_PRODUCTS_DIR)/IosWorkshopAr.app/IosWorkshopAr";
			};
			name = Debug;
		};
		14B735AC276892D7007A7E73 /* Release */ = {
			isa = XCBuildConfiguration;
			buildSettings = {
				ALWAYS_EMBED_SWIFT_STANDARD_LIBRARIES = YES;
				BUNDLE_LOADER = "$(TEST_HOST)";
				CODE_SIGN_STYLE = Automatic;
				CURRENT_PROJECT_VERSION = 1;
				DEVELOPMENT_TEAM = 42Q89H448D;
				GENERATE_INFOPLIST_FILE = YES;
				IPHONEOS_DEPLOYMENT_TARGET = 15.2;
				MARKETING_VERSION = 1.0;
				PRODUCT_BUNDLE_IDENTIFIER = coenbreg.IosWorkshopArTests;
				PRODUCT_NAME = "$(TARGET_NAME)";
				SWIFT_EMIT_LOC_STRINGS = NO;
				SWIFT_VERSION = 5.0;
				TARGETED_DEVICE_FAMILY = "1,2";
				TEST_HOST = "$(BUILT_PRODUCTS_DIR)/IosWorkshopAr.app/IosWorkshopAr";
			};
			name = Release;
		};
		14B735AE276892D7007A7E73 /* Debug */ = {
			isa = XCBuildConfiguration;
			buildSettings = {
				ALWAYS_EMBED_SWIFT_STANDARD_LIBRARIES = YES;
				CODE_SIGN_STYLE = Automatic;
				CURRENT_PROJECT_VERSION = 1;
				DEVELOPMENT_TEAM = 42Q89H448D;
				GENERATE_INFOPLIST_FILE = YES;
				MARKETING_VERSION = 1.0;
				PRODUCT_BUNDLE_IDENTIFIER = coenbreg.IosWorkshopArUITests;
				PRODUCT_NAME = "$(TARGET_NAME)";
				SWIFT_EMIT_LOC_STRINGS = NO;
				SWIFT_VERSION = 5.0;
				TARGETED_DEVICE_FAMILY = "1,2";
				TEST_TARGET_NAME = IosWorkshopAr;
			};
			name = Debug;
		};
		14B735AF276892D7007A7E73 /* Release */ = {
			isa = XCBuildConfiguration;
			buildSettings = {
				ALWAYS_EMBED_SWIFT_STANDARD_LIBRARIES = YES;
				CODE_SIGN_STYLE = Automatic;
				CURRENT_PROJECT_VERSION = 1;
				DEVELOPMENT_TEAM = 42Q89H448D;
				GENERATE_INFOPLIST_FILE = YES;
				MARKETING_VERSION = 1.0;
				PRODUCT_BUNDLE_IDENTIFIER = coenbreg.IosWorkshopArUITests;
				PRODUCT_NAME = "$(TARGET_NAME)";
				SWIFT_EMIT_LOC_STRINGS = NO;
				SWIFT_VERSION = 5.0;
				TARGETED_DEVICE_FAMILY = "1,2";
				TEST_TARGET_NAME = IosWorkshopAr;
			};
			name = Release;
		};
/* End XCBuildConfiguration section */

/* Begin XCConfigurationList section */
		14B7357C276892D5007A7E73 /* Build configuration list for PBXProject "IosWorkshopAr" */ = {
			isa = XCConfigurationList;
			buildConfigurations = (
				14B735A5276892D7007A7E73 /* Debug */,
				14B735A6276892D7007A7E73 /* Release */,
			);
			defaultConfigurationIsVisible = 0;
			defaultConfigurationName = Release;
		};
		14B735A7276892D7007A7E73 /* Build configuration list for PBXNativeTarget "IosWorkshopAr" */ = {
			isa = XCConfigurationList;
			buildConfigurations = (
				14B735A8276892D7007A7E73 /* Debug */,
				14B735A9276892D7007A7E73 /* Release */,
			);
			defaultConfigurationIsVisible = 0;
			defaultConfigurationName = Release;
		};
		14B735AA276892D7007A7E73 /* Build configuration list for PBXNativeTarget "IosWorkshopArTests" */ = {
			isa = XCConfigurationList;
			buildConfigurations = (
				14B735AB276892D7007A7E73 /* Debug */,
				14B735AC276892D7007A7E73 /* Release */,
			);
			defaultConfigurationIsVisible = 0;
			defaultConfigurationName = Release;
		};
		14B735AD276892D7007A7E73 /* Build configuration list for PBXNativeTarget "IosWorkshopArUITests" */ = {
			isa = XCConfigurationList;
			buildConfigurations = (
				14B735AE276892D7007A7E73 /* Debug */,
				14B735AF276892D7007A7E73 /* Release */,
			);
			defaultConfigurationIsVisible = 0;
			defaultConfigurationName = Release;
		};
/* End XCConfigurationList section */
	};
	rootObject = 14B73579276892D5007A7E73 /* Project object */;
}
